
Microsoft Visual Studio Solution File, Format Version 12.00
# Visual Studio Version 16
VisualStudioVersion = 16.0.29409.12
MinimumVisualStudioVersion = 10.0.40219.1
Project("{9A19103F-16F7-4668-BE54-9A1E7A4F7556}") = "CPlusPlusDocumantation", "CPlusPlusDocumantation\CPlusPlusDocumantation.csproj", "{1FD6505E-F307-4C33-83E0-6670E56A7A38}"
EndProject
Project("{9A19103F-16F7-4668-BE54-9A1E7A4F7556}") = "SimpleAntlerProject", "SimpleAntlerProject\SimpleAntlerProject.csproj", "{47720B88-96F4-4D78-8070-EC86A94BF27E}"
EndProject
Project("{9A19103F-16F7-4668-BE54-9A1E7A4F7556}") = "CPlusPlusSlicing", "CPlusPlusSlicing\CPlusPlusSlicing.csproj", "{5A90659D-5F15-4B1E-BA3C-E82067DC32A5}"
EndProject
Global
	GlobalSection(SolutionConfigurationPlatforms) = preSolution
		Debug|Any CPU = Debug|Any CPU
		Release|Any CPU = Release|Any CPU
	EndGlobalSection
	GlobalSection(ProjectConfigurationPlatforms) = postSolution
		{1FD6505E-F307-4C33-83E0-6670E56A7A38}.Debug|Any CPU.ActiveCfg = Debug|Any CPU
		{1FD6505E-F307-4C33-83E0-6670E56A7A38}.Debug|Any CPU.Build.0 = Debug|Any CPU
		{1FD6505E-F307-4C33-83E0-6670E56A7A38}.Release|Any CPU.ActiveCfg = Release|Any CPU
		{1FD6505E-F307-4C33-83E0-6670E56A7A38}.Release|Any CPU.Build.0 = Release|Any CPU
		{47720B88-96F4-4D78-8070-EC86A94BF27E}.Debug|Any CPU.ActiveCfg = Debug|Any CPU
		{47720B88-96F4-4D78-8070-EC86A94BF27E}.Debug|Any CPU.Build.0 = Debug|Any CPU
		{47720B88-96F4-4D78-8070-EC86A94BF27E}.Release|Any CPU.ActiveCfg = Release|Any CPU
		{47720B88-96F4-4D78-8070-EC86A94BF27E}.Release|Any CPU.Build.0 = Release|Any CPU
		{5A90659D-5F15-4B1E-BA3C-E82067DC32A5}.Debug|Any CPU.ActiveCfg = Debug|Any CPU
		{5A90659D-5F15-4B1E-BA3C-E82067DC32A5}.Debug|Any CPU.Build.0 = Debug|Any CPU
		{5A90659D-5F15-4B1E-BA3C-E82067DC32A5}.Release|Any CPU.ActiveCfg = Release|Any CPU
		{5A90659D-5F15-4B1E-BA3C-E82067DC32A5}.Release|Any CPU.Build.0 = Release|Any CPU
	EndGlobalSection
	GlobalSection(SolutionProperties) = preSolution
		HideSolutionNode = FALSE
	EndGlobalSection
	GlobalSection(ExtensibilityGlobals) = postSolution
		SolutionGuid = {CC006FAA-B110-4836-A892-13D09975D66D}
	EndGlobalSection
EndGlobal
